
Microsoft Visual Studio Solution File, Format Version 12.00
# Visual Studio Version 17
VisualStudioVersion = 17.6.33829.357
MinimumVisualStudioVersion = 10.0.40219.1
Project("{2150E333-8FDC-42A3-9474-1A3956D46DE8}") = "GateWay", "GateWay", "{A69D7BBD-A463-4B98-95F7-E22E5A9ACEB2}"
EndProject
Project("{2150E333-8FDC-42A3-9474-1A3956D46DE8}") = "Web", "Web", "{9CB38BC5-9E2F-43E9-BB72-BB43B2A5ECD8}"
EndProject
Project("{2150E333-8FDC-42A3-9474-1A3956D46DE8}") = "Services", "Services", "{10DC2864-6869-417D-90EB-58B84CD9CEC3}"
EndProject
Project("{9A19103F-16F7-4668-BE54-9A1E7A4F7556}") = "ApiGateway", "ApiGateway\ApiGateway.csproj", "{EEB1B532-F0E8-4A7E-AAED-27EB97721F90}"
EndProject
Project("{9A19103F-16F7-4668-BE54-9A1E7A4F7556}") = "WebApp", "WebApp\WebApp.csproj", "{0297A202-2EAA-4ABB-9914-6D20D648BA2E}"
EndProject
Project("{2150E333-8FDC-42A3-9474-1A3956D46DE8}") = "AuthService", "AuthService", "{74143E27-D46D-471D-8C64-CA3B55A27B10}"
EndProject
Project("{9A19103F-16F7-4668-BE54-9A1E7A4F7556}") = "AuthService", "AuthService\AuthService.csproj", "{6E7F20D1-C410-4F98-B69E-768D0DC4E5D6}"
EndProject
Project("{2150E333-8FDC-42A3-9474-1A3956D46DE8}") = "CategoryService", "CategoryService", "{135CCF02-5AF6-4687-86DF-6E468D9AE2D2}"
EndProject
Project("{9A19103F-16F7-4668-BE54-9A1E7A4F7556}") = "CategoryService.Api", "CategoryService.Api\CategoryService.Api.csproj", "{8227479F-A3E8-45D9-9CD4-78E7719E0150}"
EndProject
Project("{2150E333-8FDC-42A3-9474-1A3956D46DE8}") = "CompanyService", "CompanyService", "{C1D71469-4892-4D41-9EDA-AAEB23ADD6F3}"
EndProject
Project("{9A19103F-16F7-4668-BE54-9A1E7A4F7556}") = "CompanyService.Api", "CompanyService.Api\CompanyService.Api.csproj", "{6BB5DA4A-AB42-4A36-BE30-93B376A30E66}"
EndProject
Project("{2150E333-8FDC-42A3-9474-1A3956D46DE8}") = "ProductService", "ProductService", "{98DC4CA7-B9A7-4819-9310-AAB694543ADF}"
EndProject
Project("{9A19103F-16F7-4668-BE54-9A1E7A4F7556}") = "ProductService.Api", "ProductService.Api\ProductService.Api.csproj", "{31B59756-10E8-4EB7-8D6C-967C6DEE0A1C}"
EndProject
Project("{FAE04EC0-301F-11D3-BF4B-00C04F79EFBC}") = "ProductService.Infrastructure", "ProductService.Infrastructure\ProductService.Infrastructure.csproj", "{CECE226F-0B3A-43C7-893B-5C63F27D0589}"
EndProject
Project("{FAE04EC0-301F-11D3-BF4B-00C04F79EFBC}") = "ProductService.Model", "ProductService.Model\ProductService.Model.csproj", "{8EC7D2C3-1807-42BB-8D62-046030343733}"
EndProject
Global
	GlobalSection(SolutionConfigurationPlatforms) = preSolution
		Debug|Any CPU = Debug|Any CPU
		Release|Any CPU = Release|Any CPU
	EndGlobalSection
	GlobalSection(ProjectConfigurationPlatforms) = postSolution
		{EEB1B532-F0E8-4A7E-AAED-27EB97721F90}.Debug|Any CPU.ActiveCfg = Debug|Any CPU
		{EEB1B532-F0E8-4A7E-AAED-27EB97721F90}.Debug|Any CPU.Build.0 = Debug|Any CPU
		{EEB1B532-F0E8-4A7E-AAED-27EB97721F90}.Release|Any CPU.ActiveCfg = Release|Any CPU
		{EEB1B532-F0E8-4A7E-AAED-27EB97721F90}.Release|Any CPU.Build.0 = Release|Any CPU
		{0297A202-2EAA-4ABB-9914-6D20D648BA2E}.Debug|Any CPU.ActiveCfg = Debug|Any CPU
		{0297A202-2EAA-4ABB-9914-6D20D648BA2E}.Debug|Any CPU.Build.0 = Debug|Any CPU
		{0297A202-2EAA-4ABB-9914-6D20D648BA2E}.Release|Any CPU.ActiveCfg = Release|Any CPU
		{0297A202-2EAA-4ABB-9914-6D20D648BA2E}.Release|Any CPU.Build.0 = Release|Any CPU
		{6E7F20D1-C410-4F98-B69E-768D0DC4E5D6}.Debug|Any CPU.ActiveCfg = Debug|Any CPU
		{6E7F20D1-C410-4F98-B69E-768D0DC4E5D6}.Debug|Any CPU.Build.0 = Debug|Any CPU
		{6E7F20D1-C410-4F98-B69E-768D0DC4E5D6}.Release|Any CPU.ActiveCfg = Release|Any CPU
		{6E7F20D1-C410-4F98-B69E-768D0DC4E5D6}.Release|Any CPU.Build.0 = Release|Any CPU
		{8227479F-A3E8-45D9-9CD4-78E7719E0150}.Debug|Any CPU.ActiveCfg = Debug|Any CPU
		{8227479F-A3E8-45D9-9CD4-78E7719E0150}.Debug|Any CPU.Build.0 = Debug|Any CPU
		{8227479F-A3E8-45D9-9CD4-78E7719E0150}.Release|Any CPU.ActiveCfg = Release|Any CPU
		{8227479F-A3E8-45D9-9CD4-78E7719E0150}.Release|Any CPU.Build.0 = Release|Any CPU
		{6BB5DA4A-AB42-4A36-BE30-93B376A30E66}.Debug|Any CPU.ActiveCfg = Debug|Any CPU
		{6BB5DA4A-AB42-4A36-BE30-93B376A30E66}.Debug|Any CPU.Build.0 = Debug|Any CPU
		{6BB5DA4A-AB42-4A36-BE30-93B376A30E66}.Release|Any CPU.ActiveCfg = Release|Any CPU
		{6BB5DA4A-AB42-4A36-BE30-93B376A30E66}.Release|Any CPU.Build.0 = Release|Any CPU
		{31B59756-10E8-4EB7-8D6C-967C6DEE0A1C}.Debug|Any CPU.ActiveCfg = Debug|Any CPU
		{31B59756-10E8-4EB7-8D6C-967C6DEE0A1C}.Debug|Any CPU.Build.0 = Debug|Any CPU
		{31B59756-10E8-4EB7-8D6C-967C6DEE0A1C}.Release|Any CPU.ActiveCfg = Release|Any CPU
		{31B59756-10E8-4EB7-8D6C-967C6DEE0A1C}.Release|Any CPU.Build.0 = Release|Any CPU
		{CECE226F-0B3A-43C7-893B-5C63F27D0589}.Debug|Any CPU.ActiveCfg = Debug|Any CPU
		{CECE226F-0B3A-43C7-893B-5C63F27D0589}.Debug|Any CPU.Build.0 = Debug|Any CPU
		{CECE226F-0B3A-43C7-893B-5C63F27D0589}.Release|Any CPU.ActiveCfg = Release|Any CPU
		{CECE226F-0B3A-43C7-893B-5C63F27D0589}.Release|Any CPU.Build.0 = Release|Any CPU
		{8EC7D2C3-1807-42BB-8D62-046030343733}.Debug|Any CPU.ActiveCfg = Debug|Any CPU
		{8EC7D2C3-1807-42BB-8D62-046030343733}.Debug|Any CPU.Build.0 = Debug|Any CPU
		{8EC7D2C3-1807-42BB-8D62-046030343733}.Release|Any CPU.ActiveCfg = Release|Any CPU
		{8EC7D2C3-1807-42BB-8D62-046030343733}.Release|Any CPU.Build.0 = Release|Any CPU
	EndGlobalSection
	GlobalSection(SolutionProperties) = preSolution
		HideSolutionNode = FALSE
	EndGlobalSection
	GlobalSection(NestedProjects) = preSolution
		{EEB1B532-F0E8-4A7E-AAED-27EB97721F90} = {A69D7BBD-A463-4B98-95F7-E22E5A9ACEB2}
		{0297A202-2EAA-4ABB-9914-6D20D648BA2E} = {9CB38BC5-9E2F-43E9-BB72-BB43B2A5ECD8}
		{74143E27-D46D-471D-8C64-CA3B55A27B10} = {10DC2864-6869-417D-90EB-58B84CD9CEC3}
		{6E7F20D1-C410-4F98-B69E-768D0DC4E5D6} = {74143E27-D46D-471D-8C64-CA3B55A27B10}
		{135CCF02-5AF6-4687-86DF-6E468D9AE2D2} = {10DC2864-6869-417D-90EB-58B84CD9CEC3}
		{8227479F-A3E8-45D9-9CD4-78E7719E0150} = {135CCF02-5AF6-4687-86DF-6E468D9AE2D2}
		{C1D71469-4892-4D41-9EDA-AAEB23ADD6F3} = {10DC2864-6869-417D-90EB-58B84CD9CEC3}
		{6BB5DA4A-AB42-4A36-BE30-93B376A30E66} = {C1D71469-4892-4D41-9EDA-AAEB23ADD6F3}
		{98DC4CA7-B9A7-4819-9310-AAB694543ADF} = {10DC2864-6869-417D-90EB-58B84CD9CEC3}
		{31B59756-10E8-4EB7-8D6C-967C6DEE0A1C} = {98DC4CA7-B9A7-4819-9310-AAB694543ADF}
		{CECE226F-0B3A-43C7-893B-5C63F27D0589} = {98DC4CA7-B9A7-4819-9310-AAB694543ADF}
		{8EC7D2C3-1807-42BB-8D62-046030343733} = {98DC4CA7-B9A7-4819-9310-AAB694543ADF}
	EndGlobalSection
	GlobalSection(ExtensibilityGlobals) = postSolution
		SolutionGuid = {A3517241-2C82-492C-948C-D19924BC7295}
	EndGlobalSection
EndGlobal
