
Microsoft Visual Studio Solution File, Format Version 12.00
# Visual Studio Version 17
VisualStudioVersion = 17.6.33829.357
MinimumVisualStudioVersion = 10.0.40219.1
Project("{2150E333-8FDC-42A3-9474-1A3956D46DE8}") = "GateWay", "GateWay", "{A69D7BBD-A463-4B98-95F7-E22E5A9ACEB2}"
EndProject
Project("{2150E333-8FDC-42A3-9474-1A3956D46DE8}") = "Web", "Web", "{9CB38BC5-9E2F-43E9-BB72-BB43B2A5ECD8}"
EndProject
Project("{2150E333-8FDC-42A3-9474-1A3956D46DE8}") = "Services", "Services", "{10DC2864-6869-417D-90EB-58B84CD9CEC3}"
EndProject
Project("{9A19103F-16F7-4668-BE54-9A1E7A4F7556}") = "WebApp", "WebApp\WebApp.csproj", "{0297A202-2EAA-4ABB-9914-6D20D648BA2E}"
EndProject
Project("{2150E333-8FDC-42A3-9474-1A3956D46DE8}") = "CategoryService", "CategoryService", "{135CCF02-5AF6-4687-86DF-6E468D9AE2D2}"
EndProject
Project("{9A19103F-16F7-4668-BE54-9A1E7A4F7556}") = "CategoryService.Api", "CategoryService.Api\CategoryService.Api.csproj", "{8227479F-A3E8-45D9-9CD4-78E7719E0150}"
EndProject
Project("{2150E333-8FDC-42A3-9474-1A3956D46DE8}") = "CompanyService", "CompanyService", "{C1D71469-4892-4D41-9EDA-AAEB23ADD6F3}"
EndProject
Project("{9A19103F-16F7-4668-BE54-9A1E7A4F7556}") = "CompanyService.Api", "CompanyService.Api\CompanyService.Api.csproj", "{6BB5DA4A-AB42-4A36-BE30-93B376A30E66}"
EndProject
Project("{2150E333-8FDC-42A3-9474-1A3956D46DE8}") = "ProductService", "ProductService", "{98DC4CA7-B9A7-4819-9310-AAB694543ADF}"
EndProject
Project("{9A19103F-16F7-4668-BE54-9A1E7A4F7556}") = "ProductService.Api", "ProductService.Api\ProductService.Api.csproj", "{31B59756-10E8-4EB7-8D6C-967C6DEE0A1C}"
EndProject
Project("{9A19103F-16F7-4668-BE54-9A1E7A4F7556}") = "ProductService.Infrastructure", "ProductService.Infrastructure\ProductService.Infrastructure.csproj", "{CECE226F-0B3A-43C7-893B-5C63F27D0589}"
EndProject
Project("{9A19103F-16F7-4668-BE54-9A1E7A4F7556}") = "ProductService.Model", "ProductService.Model\ProductService.Model.csproj", "{8EC7D2C3-1807-42BB-8D62-046030343733}"
EndProject
Project("{2150E333-8FDC-42A3-9474-1A3956D46DE8}") = "SharedService", "SharedService", "{03B469FF-F8FE-4A8A-A1AD-53BA46E1B475}"
EndProject
Project("{9A19103F-16F7-4668-BE54-9A1E7A4F7556}") = "SharedService", "SharedService\SharedService.csproj", "{F0BE4E47-DECA-43DC-B769-D06E0EF864C3}"
EndProject
Project("{9A19103F-16F7-4668-BE54-9A1E7A4F7556}") = "CategoryService.Infrastructure", "CategoryService.Infrastructure\CategoryService.Infrastructure.csproj", "{4984363D-C9C2-4340-A86F-750E8424F4FB}"
EndProject
Project("{9A19103F-16F7-4668-BE54-9A1E7A4F7556}") = "CategoryService.Model", "CategoryService.Model\CategoryService.Model.csproj", "{CAB5B3B6-3751-40C7-9D42-C28753CE8D24}"
EndProject
Project("{9A19103F-16F7-4668-BE54-9A1E7A4F7556}") = "CategoryService.Core", "CategoryService.Core\CategoryService.Core.csproj", "{61FBDBF1-86EA-420C-89B4-57C57DD5C91B}"
EndProject
Project("{9A19103F-16F7-4668-BE54-9A1E7A4F7556}") = "CompanyService.Model", "CompanyService.Model\CompanyService.Model.csproj", "{48914B20-FA2C-4BA5-BB9F-59DC4C0C688D}"
EndProject
Project("{9A19103F-16F7-4668-BE54-9A1E7A4F7556}") = "CompanyService.Infrastructure", "CompanyService.Infrastructure\CompanyService.Infrastructure.csproj", "{6BA303EC-73BA-462B-BC4F-F542EAEFD299}"
EndProject
Project("{9A19103F-16F7-4668-BE54-9A1E7A4F7556}") = "CompanyService.Core", "CompanyService.Core\CompanyService.Core.csproj", "{08D99D1A-35CC-4A5C-84B5-FDF867AC9547}"
EndProject
Project("{2150E333-8FDC-42A3-9474-1A3956D46DE8}") = "AuthService", "AuthService", "{F62AFCE3-88AE-4388-B417-B63072B83B14}"
EndProject
Project("{9A19103F-16F7-4668-BE54-9A1E7A4F7556}") = "AuthServices", "AuthServices\AuthServices.csproj", "{14215AFA-FF81-4063-92B1-C15A82366176}"
EndProject
Project("{9A19103F-16F7-4668-BE54-9A1E7A4F7556}") = "ApiGateway", "ApiGateway\ApiGateway.csproj", "{15412527-CD39-43DA-8AC8-6F1F0893437C}"
EndProject
Global
	GlobalSection(SolutionConfigurationPlatforms) = preSolution
		Debug|Any CPU = Debug|Any CPU
		Release|Any CPU = Release|Any CPU
	EndGlobalSection
	GlobalSection(ProjectConfigurationPlatforms) = postSolution
		{0297A202-2EAA-4ABB-9914-6D20D648BA2E}.Debug|Any CPU.ActiveCfg = Debug|Any CPU
		{0297A202-2EAA-4ABB-9914-6D20D648BA2E}.Debug|Any CPU.Build.0 = Debug|Any CPU
		{0297A202-2EAA-4ABB-9914-6D20D648BA2E}.Release|Any CPU.ActiveCfg = Release|Any CPU
		{0297A202-2EAA-4ABB-9914-6D20D648BA2E}.Release|Any CPU.Build.0 = Release|Any CPU
		{8227479F-A3E8-45D9-9CD4-78E7719E0150}.Debug|Any CPU.ActiveCfg = Debug|Any CPU
		{8227479F-A3E8-45D9-9CD4-78E7719E0150}.Debug|Any CPU.Build.0 = Debug|Any CPU
		{8227479F-A3E8-45D9-9CD4-78E7719E0150}.Release|Any CPU.ActiveCfg = Release|Any CPU
		{8227479F-A3E8-45D9-9CD4-78E7719E0150}.Release|Any CPU.Build.0 = Release|Any CPU
		{6BB5DA4A-AB42-4A36-BE30-93B376A30E66}.Debug|Any CPU.ActiveCfg = Debug|Any CPU
		{6BB5DA4A-AB42-4A36-BE30-93B376A30E66}.Debug|Any CPU.Build.0 = Debug|Any CPU
		{6BB5DA4A-AB42-4A36-BE30-93B376A30E66}.Release|Any CPU.ActiveCfg = Release|Any CPU
		{6BB5DA4A-AB42-4A36-BE30-93B376A30E66}.Release|Any CPU.Build.0 = Release|Any CPU
		{31B59756-10E8-4EB7-8D6C-967C6DEE0A1C}.Debug|Any CPU.ActiveCfg = Debug|Any CPU
		{31B59756-10E8-4EB7-8D6C-967C6DEE0A1C}.Debug|Any CPU.Build.0 = Debug|Any CPU
		{31B59756-10E8-4EB7-8D6C-967C6DEE0A1C}.Release|Any CPU.ActiveCfg = Release|Any CPU
		{31B59756-10E8-4EB7-8D6C-967C6DEE0A1C}.Release|Any CPU.Build.0 = Release|Any CPU
		{CECE226F-0B3A-43C7-893B-5C63F27D0589}.Debug|Any CPU.ActiveCfg = Debug|Any CPU
		{CECE226F-0B3A-43C7-893B-5C63F27D0589}.Debug|Any CPU.Build.0 = Debug|Any CPU
		{CECE226F-0B3A-43C7-893B-5C63F27D0589}.Release|Any CPU.ActiveCfg = Release|Any CPU
		{CECE226F-0B3A-43C7-893B-5C63F27D0589}.Release|Any CPU.Build.0 = Release|Any CPU
		{8EC7D2C3-1807-42BB-8D62-046030343733}.Debug|Any CPU.ActiveCfg = Debug|Any CPU
		{8EC7D2C3-1807-42BB-8D62-046030343733}.Debug|Any CPU.Build.0 = Debug|Any CPU
		{8EC7D2C3-1807-42BB-8D62-046030343733}.Release|Any CPU.ActiveCfg = Release|Any CPU
		{8EC7D2C3-1807-42BB-8D62-046030343733}.Release|Any CPU.Build.0 = Release|Any CPU
		{F0BE4E47-DECA-43DC-B769-D06E0EF864C3}.Debug|Any CPU.ActiveCfg = Debug|Any CPU
		{F0BE4E47-DECA-43DC-B769-D06E0EF864C3}.Debug|Any CPU.Build.0 = Debug|Any CPU
		{F0BE4E47-DECA-43DC-B769-D06E0EF864C3}.Release|Any CPU.ActiveCfg = Release|Any CPU
		{F0BE4E47-DECA-43DC-B769-D06E0EF864C3}.Release|Any CPU.Build.0 = Release|Any CPU
		{4984363D-C9C2-4340-A86F-750E8424F4FB}.Debug|Any CPU.ActiveCfg = Debug|Any CPU
		{4984363D-C9C2-4340-A86F-750E8424F4FB}.Debug|Any CPU.Build.0 = Debug|Any CPU
		{4984363D-C9C2-4340-A86F-750E8424F4FB}.Release|Any CPU.ActiveCfg = Release|Any CPU
		{4984363D-C9C2-4340-A86F-750E8424F4FB}.Release|Any CPU.Build.0 = Release|Any CPU
		{CAB5B3B6-3751-40C7-9D42-C28753CE8D24}.Debug|Any CPU.ActiveCfg = Debug|Any CPU
		{CAB5B3B6-3751-40C7-9D42-C28753CE8D24}.Debug|Any CPU.Build.0 = Debug|Any CPU
		{CAB5B3B6-3751-40C7-9D42-C28753CE8D24}.Release|Any CPU.ActiveCfg = Release|Any CPU
		{CAB5B3B6-3751-40C7-9D42-C28753CE8D24}.Release|Any CPU.Build.0 = Release|Any CPU
		{61FBDBF1-86EA-420C-89B4-57C57DD5C91B}.Debug|Any CPU.ActiveCfg = Debug|Any CPU
		{61FBDBF1-86EA-420C-89B4-57C57DD5C91B}.Debug|Any CPU.Build.0 = Debug|Any CPU
		{61FBDBF1-86EA-420C-89B4-57C57DD5C91B}.Release|Any CPU.ActiveCfg = Release|Any CPU
		{61FBDBF1-86EA-420C-89B4-57C57DD5C91B}.Release|Any CPU.Build.0 = Release|Any CPU
		{48914B20-FA2C-4BA5-BB9F-59DC4C0C688D}.Debug|Any CPU.ActiveCfg = Debug|Any CPU
		{48914B20-FA2C-4BA5-BB9F-59DC4C0C688D}.Debug|Any CPU.Build.0 = Debug|Any CPU
		{48914B20-FA2C-4BA5-BB9F-59DC4C0C688D}.Release|Any CPU.ActiveCfg = Release|Any CPU
		{48914B20-FA2C-4BA5-BB9F-59DC4C0C688D}.Release|Any CPU.Build.0 = Release|Any CPU
		{6BA303EC-73BA-462B-BC4F-F542EAEFD299}.Debug|Any CPU.ActiveCfg = Debug|Any CPU
		{6BA303EC-73BA-462B-BC4F-F542EAEFD299}.Debug|Any CPU.Build.0 = Debug|Any CPU
		{6BA303EC-73BA-462B-BC4F-F542EAEFD299}.Release|Any CPU.ActiveCfg = Release|Any CPU
		{6BA303EC-73BA-462B-BC4F-F542EAEFD299}.Release|Any CPU.Build.0 = Release|Any CPU
		{08D99D1A-35CC-4A5C-84B5-FDF867AC9547}.Debug|Any CPU.ActiveCfg = Debug|Any CPU
		{08D99D1A-35CC-4A5C-84B5-FDF867AC9547}.Debug|Any CPU.Build.0 = Debug|Any CPU
		{08D99D1A-35CC-4A5C-84B5-FDF867AC9547}.Release|Any CPU.ActiveCfg = Release|Any CPU
		{08D99D1A-35CC-4A5C-84B5-FDF867AC9547}.Release|Any CPU.Build.0 = Release|Any CPU
		{14215AFA-FF81-4063-92B1-C15A82366176}.Debug|Any CPU.ActiveCfg = Debug|Any CPU
		{14215AFA-FF81-4063-92B1-C15A82366176}.Debug|Any CPU.Build.0 = Debug|Any CPU
		{14215AFA-FF81-4063-92B1-C15A82366176}.Release|Any CPU.ActiveCfg = Release|Any CPU
		{14215AFA-FF81-4063-92B1-C15A82366176}.Release|Any CPU.Build.0 = Release|Any CPU
		{15412527-CD39-43DA-8AC8-6F1F0893437C}.Debug|Any CPU.ActiveCfg = Debug|Any CPU
		{15412527-CD39-43DA-8AC8-6F1F0893437C}.Debug|Any CPU.Build.0 = Debug|Any CPU
		{15412527-CD39-43DA-8AC8-6F1F0893437C}.Release|Any CPU.ActiveCfg = Release|Any CPU
		{15412527-CD39-43DA-8AC8-6F1F0893437C}.Release|Any CPU.Build.0 = Release|Any CPU
	EndGlobalSection
	GlobalSection(SolutionProperties) = preSolution
		HideSolutionNode = FALSE
	EndGlobalSection
	GlobalSection(NestedProjects) = preSolution
		{0297A202-2EAA-4ABB-9914-6D20D648BA2E} = {9CB38BC5-9E2F-43E9-BB72-BB43B2A5ECD8}
		{135CCF02-5AF6-4687-86DF-6E468D9AE2D2} = {10DC2864-6869-417D-90EB-58B84CD9CEC3}
		{8227479F-A3E8-45D9-9CD4-78E7719E0150} = {135CCF02-5AF6-4687-86DF-6E468D9AE2D2}
		{C1D71469-4892-4D41-9EDA-AAEB23ADD6F3} = {10DC2864-6869-417D-90EB-58B84CD9CEC3}
		{6BB5DA4A-AB42-4A36-BE30-93B376A30E66} = {C1D71469-4892-4D41-9EDA-AAEB23ADD6F3}
		{98DC4CA7-B9A7-4819-9310-AAB694543ADF} = {10DC2864-6869-417D-90EB-58B84CD9CEC3}
		{31B59756-10E8-4EB7-8D6C-967C6DEE0A1C} = {98DC4CA7-B9A7-4819-9310-AAB694543ADF}
		{CECE226F-0B3A-43C7-893B-5C63F27D0589} = {98DC4CA7-B9A7-4819-9310-AAB694543ADF}
		{8EC7D2C3-1807-42BB-8D62-046030343733} = {98DC4CA7-B9A7-4819-9310-AAB694543ADF}
		{03B469FF-F8FE-4A8A-A1AD-53BA46E1B475} = {10DC2864-6869-417D-90EB-58B84CD9CEC3}
		{F0BE4E47-DECA-43DC-B769-D06E0EF864C3} = {03B469FF-F8FE-4A8A-A1AD-53BA46E1B475}
		{4984363D-C9C2-4340-A86F-750E8424F4FB} = {135CCF02-5AF6-4687-86DF-6E468D9AE2D2}
		{CAB5B3B6-3751-40C7-9D42-C28753CE8D24} = {135CCF02-5AF6-4687-86DF-6E468D9AE2D2}
		{61FBDBF1-86EA-420C-89B4-57C57DD5C91B} = {135CCF02-5AF6-4687-86DF-6E468D9AE2D2}
		{48914B20-FA2C-4BA5-BB9F-59DC4C0C688D} = {C1D71469-4892-4D41-9EDA-AAEB23ADD6F3}
		{6BA303EC-73BA-462B-BC4F-F542EAEFD299} = {C1D71469-4892-4D41-9EDA-AAEB23ADD6F3}
		{08D99D1A-35CC-4A5C-84B5-FDF867AC9547} = {C1D71469-4892-4D41-9EDA-AAEB23ADD6F3}
		{F62AFCE3-88AE-4388-B417-B63072B83B14} = {10DC2864-6869-417D-90EB-58B84CD9CEC3}
		{14215AFA-FF81-4063-92B1-C15A82366176} = {F62AFCE3-88AE-4388-B417-B63072B83B14}
		{15412527-CD39-43DA-8AC8-6F1F0893437C} = {A69D7BBD-A463-4B98-95F7-E22E5A9ACEB2}
	EndGlobalSection
	GlobalSection(ExtensibilityGlobals) = postSolution
		SolutionGuid = {A3517241-2C82-492C-948C-D19924BC7295}
	EndGlobalSection
EndGlobal
